Microsoft Visual Studio Solution File, Format Version 12.00
# Visual Studio Version 17
VisualStudioVersion = 17.5.2.0
MinimumVisualStudioVersion = 10.0.40219.1
Project("{FAE04EC0-301F-11D3-BF4B-00C04F79EFBC}") = "AndreLeskinen1", "AndreLeskinen1.csproj", "{50DE659E-8847-F531-CA89-B6082B16C5E3}"
EndProject
Global
	GlobalSection(SolutionConfigurationPlatforms) = preSolution
		Debug|Any CPU = Debug|Any CPU
		Release|Any CPU = Release|Any CPU
	EndGlobalSection
	GlobalSection(ProjectConfigurationPlatforms) = postSolution
		{50DE659E-8847-F531-CA89-B6082B16C5E3}.Debug|Any CPU.ActiveCfg = Debug|Any CPU
		{50DE659E-8847-F531-CA89-B6082B16C5E3}.Debug|Any CPU.Build.0 = Debug|Any CPU
		{50DE659E-8847-F531-CA89-B6082B16C5E3}.Release|Any CPU.ActiveCfg = Release|Any CPU
		{50DE659E-8847-F531-CA89-B6082B16C5E3}.Release|Any CPU.Build.0 = Release|Any CPU
	EndGlobalSection
	GlobalSection(SolutionProperties) = preSolution
		HideSolutionNode = FALSE
	EndGlobalSection
	GlobalSection(ExtensibilityGlobals) = postSolution
		SolutionGuid = {27880AAC-4A74-4AD1-B4EC-92CFD94E3B9A}
	EndGlobalSection
EndGlobal
